
Microsoft Visual Studio Solution File, Format Version 12.00
# Visual Studio Version 17
VisualStudioVersion = 17.5.33530.505
MinimumVisualStudioVersion = 10.0.40219.1
Project("{FAE04EC0-301F-11D3-BF4B-00C04F79EFBC}") = "gitapp", "gitapp\gitapp.csproj", "{00481415-EAFF-4A56-B948-C83FAEDD3EA0}"
EndProject
Global
	GlobalSection(SolutionConfigurationPlatforms) = preSolution
		Debug|Any CPU = Debug|Any CPU
		Release|Any CPU = Release|Any CPU
	EndGlobalSection
	GlobalSection(ProjectConfigurationPlatforms) = postSolution
		{00481415-EAFF-4A56-B948-C83FAEDD3EA0}.Debug|Any CPU.ActiveCfg = Debug|Any CPU
		{00481415-EAFF-4A56-B948-C83FAEDD3EA0}.Debug|Any CPU.Build.0 = Debug|Any CPU
		{00481415-EAFF-4A56-B948-C83FAEDD3EA0}.Release|Any CPU.ActiveCfg = Release|Any CPU
		{00481415-EAFF-4A56-B948-C83FAEDD3EA0}.Release|Any CPU.Build.0 = Release|Any CPU
	EndGlobalSection
	GlobalSection(SolutionProperties) = preSolution
		HideSolutionNode = FALSE
	EndGlobalSection
	GlobalSection(ExtensibilityGlobals) = postSolution
		SolutionGuid = {790ECE7B-82D4-41D6-A257-D908B1002320}
	EndGlobalSection
EndGlobal
